
Microsoft Visual Studio Solution File, Format Version 12.00
# Visual Studio Version 16
VisualStudioVersion = 16.0.31702.278
MinimumVisualStudioVersion = 10.0.40219.1
Project("{8BC9CEB8-8B4A-11D0-8D11-00A0C91BC942}") = "FishWars", "FishWars\FishWars.vcxproj", "{025A9D59-D52B-472A-B43B-2A4C74A1207A}"
EndProject
Global
	GlobalSection(SolutionConfigurationPlatforms) = preSolution
		Debug|x64 = Debug|x64
		Debug|x86 = Debug|x86
		Release|x64 = Release|x64
		Release|x86 = Release|x86
	EndGlobalSection
	GlobalSection(ProjectConfigurationPlatforms) = postSolution
		{025A9D59-D52B-472A-B43B-2A4C74A1207A}.Debug|x64.ActiveCfg = Debug|x64
		{025A9D59-D52B-472A-B43B-2A4C74A1207A}.Debug|x64.Build.0 = Debug|x64
		{025A9D59-D52B-472A-B43B-2A4C74A1207A}.Debug|x86.ActiveCfg = Debug|Win32
		{025A9D59-D52B-472A-B43B-2A4C74A1207A}.Debug|x86.Build.0 = Debug|Win32
		{025A9D59-D52B-472A-B43B-2A4C74A1207A}.Release|x64.ActiveCfg = Release|x64
		{025A9D59-D52B-472A-B43B-2A4C74A1207A}.Release|x64.Build.0 = Release|x64
		{025A9D59-D52B-472A-B43B-2A4C74A1207A}.Release|x86.ActiveCfg = Release|Win32
		{025A9D59-D52B-472A-B43B-2A4C74A1207A}.Release|x86.Build.0 = Release|Win32
	EndGlobalSection
	GlobalSection(SolutionProperties) = preSolution
		HideSolutionNode = FALSE
	EndGlobalSection
	GlobalSection(ExtensibilityGlobals) = postSolution
		SolutionGuid = {A6F8CFF7-704D-4702-98F6-EFD93E8B6332}
	EndGlobalSection
EndGlobal
